
Microsoft Visual Studio Solution File, Format Version 12.00
# Visual Studio 14
VisualStudioVersion = 14.0.25420.1
MinimumVisualStudioVersion = 10.0.40219.1
Project("{FAE04EC0-301F-11D3-BF4B-00C04F79EFBC}") = "AuditAppPcl", "OneSystemAuditApp\OneSystemAuditApp\AuditAppPcl.csproj", "{19BA0BE9-0FE1-48CD-9D09-592B9B85D45E}"
EndProject
Project("{FAE04EC0-301F-11D3-BF4B-00C04F79EFBC}") = "OneSystemAudit.iOS", "OneSystemAuditApp\OneSystemAuditApp.iOS\OneSystemAudit.iOS.csproj", "{4C0A7CD9-01FF-430E-A5D9-F6250FF51BEE}"
EndProject
Project("{FAE04EC0-301F-11D3-BF4B-00C04F79EFBC}") = "OneSystemAuditApp.WinPhone", "OneSystemAuditApp\OneSystemAuditApp.WinPhone\OneSystemAuditApp.WinPhone.csproj", "{99752EB9-4AE1-4BDA-94B8-574C90AB02A2}"
EndProject
Project("{FAE04EC0-301F-11D3-BF4B-00C04F79EFBC}") = "OneSystemAuditApp.Windows", "OneSystemAuditApp\OneSystemAuditApp.Windows\OneSystemAuditApp.Windows.csproj", "{5C8E1F59-3C7F-4A43-8691-FC367E8A0AF0}"
EndProject
Global
	GlobalSection(SolutionConfigurationPlatforms) = preSolution
		Ad-Hoc|Any CPU = Ad-Hoc|Any CPU
		Ad-Hoc|ARM = Ad-Hoc|ARM
		Ad-Hoc|iPhone = Ad-Hoc|iPhone
		Ad-Hoc|iPhoneSimulator = Ad-Hoc|iPhoneSimulator
		Ad-Hoc|x64 = Ad-Hoc|x64
		Ad-Hoc|x86 = Ad-Hoc|x86
		AppStore|Any CPU = AppStore|Any CPU
		AppStore|ARM = AppStore|ARM
		AppStore|iPhone = AppStore|iPhone
		AppStore|iPhoneSimulator = AppStore|iPhoneSimulator
		AppStore|x64 = AppStore|x64
		AppStore|x86 = AppStore|x86
		Debug|Any CPU = Debug|Any CPU
		Debug|ARM = Debug|ARM
		Debug|iPhone = Debug|iPhone
		Debug|iPhoneSimulator = Debug|iPhoneSimulator
		Debug|x64 = Debug|x64
		Debug|x86 = Debug|x86
		Release|Any CPU = Release|Any CPU
		Release|ARM = Release|ARM
		Release|iPhone = Release|iPhone
		Release|iPhoneSimulator = Release|iPhoneSimulator
		Release|x64 = Release|x64
		Release|x86 = Release|x86
	EndGlobalSection
	GlobalSection(ProjectConfigurationPlatforms) = postSolution
		{19BA0BE9-0FE1-48CD-9D09-592B9B85D45E}.Ad-Hoc|Any CPU.ActiveCfg = Release|Any CPU
		{19BA0BE9-0FE1-48CD-9D09-592B9B85D45E}.Ad-Hoc|Any CPU.Build.0 = Release|Any CPU
		{19BA0BE9-0FE1-48CD-9D09-592B9B85D45E}.Ad-Hoc|ARM.ActiveCfg = Release|Any CPU
		{19BA0BE9-0FE1-48CD-9D09-592B9B85D45E}.Ad-Hoc|ARM.Build.0 = Release|Any CPU
		{19BA0BE9-0FE1-48CD-9D09-592B9B85D45E}.Ad-Hoc|iPhone.ActiveCfg = Release|Any CPU
		{19BA0BE9-0FE1-48CD-9D09-592B9B85D45E}.Ad-Hoc|iPhone.Build.0 = Release|Any CPU
		{19BA0BE9-0FE1-48CD-9D09-592B9B85D45E}.Ad-Hoc|iPhoneSimulator.ActiveCfg = Release|Any CPU
		{19BA0BE9-0FE1-48CD-9D09-592B9B85D45E}.Ad-Hoc|iPhoneSimulator.Build.0 = Release|Any CPU
		{19BA0BE9-0FE1-48CD-9D09-592B9B85D45E}.Ad-Hoc|x64.ActiveCfg = Release|Any CPU
		{19BA0BE9-0FE1-48CD-9D09-592B9B85D45E}.Ad-Hoc|x64.Build.0 = Release|Any CPU
		{19BA0BE9-0FE1-48CD-9D09-592B9B85D45E}.Ad-Hoc|x86.ActiveCfg = Release|Any CPU
		{19BA0BE9-0FE1-48CD-9D09-592B9B85D45E}.Ad-Hoc|x86.Build.0 = Release|Any CPU
		{19BA0BE9-0FE1-48CD-9D09-592B9B85D45E}.AppStore|Any CPU.ActiveCfg = Release|Any CPU
		{19BA0BE9-0FE1-48CD-9D09-592B9B85D45E}.AppStore|Any CPU.Build.0 = Release|Any CPU
		{19BA0BE9-0FE1-48CD-9D09-592B9B85D45E}.AppStore|ARM.ActiveCfg = Release|Any CPU
		{19BA0BE9-0FE1-48CD-9D09-592B9B85D45E}.AppStore|ARM.Build.0 = Release|Any CPU
		{19BA0BE9-0FE1-48CD-9D09-592B9B85D45E}.AppStore|iPhone.ActiveCfg = Release|Any CPU
		{19BA0BE9-0FE1-48CD-9D09-592B9B85D45E}.AppStore|iPhone.Build.0 = Release|Any CPU
		{19BA0BE9-0FE1-48CD-9D09-592B9B85D45E}.AppStore|iPhoneSimulator.ActiveCfg = Release|Any CPU
		{19BA0BE9-0FE1-48CD-9D09-592B9B85D45E}.AppStore|iPhoneSimulator.Build.0 = Release|Any CPU
		{19BA0BE9-0FE1-48CD-9D09-592B9B85D45E}.AppStore|x64.ActiveCfg = Release|Any CPU
		{19BA0BE9-0FE1-48CD-9D09-592B9B85D45E}.AppStore|x64.Build.0 = Release|Any CPU
		{19BA0BE9-0FE1-48CD-9D09-592B9B85D45E}.AppStore|x86.ActiveCfg = Release|Any CPU
		{19BA0BE9-0FE1-48CD-9D09-592B9B85D45E}.AppStore|x86.Build.0 = Release|Any CPU
		{19BA0BE9-0FE1-48CD-9D09-592B9B85D45E}.Debug|Any CPU.ActiveCfg = Debug|Any CPU
		{19BA0BE9-0FE1-48CD-9D09-592B9B85D45E}.Debug|Any CPU.Build.0 = Debug|Any CPU
		{19BA0BE9-0FE1-48CD-9D09-592B9B85D45E}.Debug|ARM.ActiveCfg = Debug|Any CPU
		{19BA0BE9-0FE1-48CD-9D09-592B9B85D45E}.Debug|ARM.Build.0 = Debug|Any CPU
		{19BA0BE9-0FE1-48CD-9D09-592B9B85D45E}.Debug|iPhone.ActiveCfg = Debug|Any CPU
		{19BA0BE9-0FE1-48CD-9D09-592B9B85D45E}.Debug|iPhone.Build.0 = Debug|Any CPU
		{19BA0BE9-0FE1-48CD-9D09-592B9B85D45E}.Debug|iPhoneSimulator.ActiveCfg = Debug|Any CPU
		{19BA0BE9-0FE1-48CD-9D09-592B9B85D45E}.Debug|iPhoneSimulator.Build.0 = Debug|Any CPU
		{19BA0BE9-0FE1-48CD-9D09-592B9B85D45E}.Debug|x64.ActiveCfg = Debug|Any CPU
		{19BA0BE9-0FE1-48CD-9D09-592B9B85D45E}.Debug|x64.Build.0 = Debug|Any CPU
		{19BA0BE9-0FE1-48CD-9D09-592B9B85D45E}.Debug|x86.ActiveCfg = Debug|Any CPU
		{19BA0BE9-0FE1-48CD-9D09-592B9B85D45E}.Debug|x86.Build.0 = Debug|Any CPU
		{19BA0BE9-0FE1-48CD-9D09-592B9B85D45E}.Release|Any CPU.ActiveCfg = Release|Any CPU
		{19BA0BE9-0FE1-48CD-9D09-592B9B85D45E}.Release|Any CPU.Build.0 = Release|Any CPU
		{19BA0BE9-0FE1-48CD-9D09-592B9B85D45E}.Release|ARM.ActiveCfg = Release|Any CPU
		{19BA0BE9-0FE1-48CD-9D09-592B9B85D45E}.Release|ARM.Build.0 = Release|Any CPU
		{19BA0BE9-0FE1-48CD-9D09-592B9B85D45E}.Release|iPhone.ActiveCfg = Release|Any CPU
		{19BA0BE9-0FE1-48CD-9D09-592B9B85D45E}.Release|iPhone.Build.0 = Release|Any CPU
		{19BA0BE9-0FE1-48CD-9D09-592B9B85D45E}.Release|iPhoneSimulator.ActiveCfg = Release|Any CPU
		{19BA0BE9-0FE1-48CD-9D09-592B9B85D45E}.Release|iPhoneSimulator.Build.0 = Release|Any CPU
		{19BA0BE9-0FE1-48CD-9D09-592B9B85D45E}.Release|x64.ActiveCfg = Release|Any CPU
		{19BA0BE9-0FE1-48CD-9D09-592B9B85D45E}.Release|x64.Build.0 = Release|Any CPU
		{19BA0BE9-0FE1-48CD-9D09-592B9B85D45E}.Release|x86.ActiveCfg = Release|Any CPU
		{19BA0BE9-0FE1-48CD-9D09-592B9B85D45E}.Release|x86.Build.0 = Release|Any CPU
		{4C0A7CD9-01FF-430E-A5D9-F6250FF51BEE}.Ad-Hoc|Any CPU.ActiveCfg = Ad-Hoc|iPhone
		{4C0A7CD9-01FF-430E-A5D9-F6250FF51BEE}.Ad-Hoc|ARM.ActiveCfg = Ad-Hoc|iPhone
		{4C0A7CD9-01FF-430E-A5D9-F6250FF51BEE}.Ad-Hoc|iPhone.ActiveCfg = Ad-Hoc|iPhone
		{4C0A7CD9-01FF-430E-A5D9-F6250FF51BEE}.Ad-Hoc|iPhone.Build.0 = Ad-Hoc|iPhone
		{4C0A7CD9-01FF-430E-A5D9-F6250FF51BEE}.Ad-Hoc|iPhoneSimulator.ActiveCfg = Ad-Hoc|iPhoneSimulator
		{4C0A7CD9-01FF-430E-A5D9-F6250FF51BEE}.Ad-Hoc|iPhoneSimulator.Build.0 = Ad-Hoc|iPhoneSimulator
		{4C0A7CD9-01FF-430E-A5D9-F6250FF51BEE}.Ad-Hoc|x64.ActiveCfg = Ad-Hoc|iPhone
		{4C0A7CD9-01FF-430E-A5D9-F6250FF51BEE}.Ad-Hoc|x86.ActiveCfg = Ad-Hoc|iPhone
		{4C0A7CD9-01FF-430E-A5D9-F6250FF51BEE}.AppStore|Any CPU.ActiveCfg = AppStore|iPhone
		{4C0A7CD9-01FF-430E-A5D9-F6250FF51BEE}.AppStore|ARM.ActiveCfg = AppStore|iPhone
		{4C0A7CD9-01FF-430E-A5D9-F6250FF51BEE}.AppStore|iPhone.ActiveCfg = AppStore|iPhone
		{4C0A7CD9-01FF-430E-A5D9-F6250FF51BEE}.AppStore|iPhone.Build.0 = AppStore|iPhone
		{4C0A7CD9-01FF-430E-A5D9-F6250FF51BEE}.AppStore|iPhoneSimulator.ActiveCfg = AppStore|iPhoneSimulator
		{4C0A7CD9-01FF-430E-A5D9-F6250FF51BEE}.AppStore|iPhoneSimulator.Build.0 = AppStore|iPhoneSimulator
		{4C0A7CD9-01FF-430E-A5D9-F6250FF51BEE}.AppStore|x64.ActiveCfg = AppStore|iPhone
		{4C0A7CD9-01FF-430E-A5D9-F6250FF51BEE}.AppStore|x86.ActiveCfg = AppStore|iPhone
		{4C0A7CD9-01FF-430E-A5D9-F6250FF51BEE}.Debug|Any CPU.ActiveCfg = Debug|iPhone
		{4C0A7CD9-01FF-430E-A5D9-F6250FF51BEE}.Debug|ARM.ActiveCfg = Debug|iPhone
		{4C0A7CD9-01FF-430E-A5D9-F6250FF51BEE}.Debug|iPhone.ActiveCfg = Debug|iPhone
		{4C0A7CD9-01FF-430E-A5D9-F6250FF51BEE}.Debug|iPhone.Build.0 = Debug|iPhone
		{4C0A7CD9-01FF-430E-A5D9-F6250FF51BEE}.Debug|iPhoneSimulator.ActiveCfg = Debug|iPhoneSimulator
		{4C0A7CD9-01FF-430E-A5D9-F6250FF51BEE}.Debug|iPhoneSimulator.Build.0 = Debug|iPhoneSimulator
		{4C0A7CD9-01FF-430E-A5D9-F6250FF51BEE}.Debug|x64.ActiveCfg = Debug|iPhone
		{4C0A7CD9-01FF-430E-A5D9-F6250FF51BEE}.Debug|x86.ActiveCfg = Debug|iPhone
		{4C0A7CD9-01FF-430E-A5D9-F6250FF51BEE}.Release|Any CPU.ActiveCfg = Release|iPhone
		{4C0A7CD9-01FF-430E-A5D9-F6250FF51BEE}.Release|ARM.ActiveCfg = Release|iPhone
		{4C0A7CD9-01FF-430E-A5D9-F6250FF51BEE}.Release|iPhone.ActiveCfg = Release|iPhone
		{4C0A7CD9-01FF-430E-A5D9-F6250FF51BEE}.Release|iPhone.Build.0 = Release|iPhone
		{4C0A7CD9-01FF-430E-A5D9-F6250FF51BEE}.Release|iPhoneSimulator.ActiveCfg = Release|iPhoneSimulator
		{4C0A7CD9-01FF-430E-A5D9-F6250FF51BEE}.Release|iPhoneSimulator.Build.0 = Release|iPhoneSimulator
		{4C0A7CD9-01FF-430E-A5D9-F6250FF51BEE}.Release|x64.ActiveCfg = Release|iPhone
		{4C0A7CD9-01FF-430E-A5D9-F6250FF51BEE}.Release|x86.ActiveCfg = Release|iPhone
		{99752EB9-4AE1-4BDA-94B8-574C90AB02A2}.Ad-Hoc|Any CPU.ActiveCfg = Release|Any CPU
		{99752EB9-4AE1-4BDA-94B8-574C90AB02A2}.Ad-Hoc|Any CPU.Build.0 = Release|Any CPU
		{99752EB9-4AE1-4BDA-94B8-574C90AB02A2}.Ad-Hoc|Any CPU.Deploy.0 = Release|Any CPU
		{99752EB9-4AE1-4BDA-94B8-574C90AB02A2}.Ad-Hoc|ARM.ActiveCfg = Release|ARM
		{99752EB9-4AE1-4BDA-94B8-574C90AB02A2}.Ad-Hoc|ARM.Build.0 = Release|ARM
		{99752EB9-4AE1-4BDA-94B8-574C90AB02A2}.Ad-Hoc|ARM.Deploy.0 = Release|ARM
		{99752EB9-4AE1-4BDA-94B8-574C90AB02A2}.Ad-Hoc|iPhone.ActiveCfg = Release|Any CPU
		{99752EB9-4AE1-4BDA-94B8-574C90AB02A2}.Ad-Hoc|iPhone.Build.0 = Release|Any CPU
		{99752EB9-4AE1-4BDA-94B8-574C90AB02A2}.Ad-Hoc|iPhone.Deploy.0 = Release|Any CPU
		{99752EB9-4AE1-4BDA-94B8-574C90AB02A2}.Ad-Hoc|iPhoneSimulator.ActiveCfg = Release|Any CPU
		{99752EB9-4AE1-4BDA-94B8-574C90AB02A2}.Ad-Hoc|iPhoneSimulator.Build.0 = Release|Any CPU
		{99752EB9-4AE1-4BDA-94B8-574C90AB02A2}.Ad-Hoc|iPhoneSimulator.Deploy.0 = Release|Any CPU
		{99752EB9-4AE1-4BDA-94B8-574C90AB02A2}.Ad-Hoc|x64.ActiveCfg = Release|Any CPU
		{99752EB9-4AE1-4BDA-94B8-574C90AB02A2}.Ad-Hoc|x64.Build.0 = Release|Any CPU
		{99752EB9-4AE1-4BDA-94B8-574C90AB02A2}.Ad-Hoc|x64.Deploy.0 = Release|Any CPU
		{99752EB9-4AE1-4BDA-94B8-574C90AB02A2}.Ad-Hoc|x86.ActiveCfg = Release|x86
		{99752EB9-4AE1-4BDA-94B8-574C90AB02A2}.Ad-Hoc|x86.Build.0 = Release|x86
		{99752EB9-4AE1-4BDA-94B8-574C90AB02A2}.Ad-Hoc|x86.Deploy.0 = Release|x86
		{99752EB9-4AE1-4BDA-94B8-574C90AB02A2}.AppStore|Any CPU.ActiveCfg = Release|Any CPU
		{99752EB9-4AE1-4BDA-94B8-574C90AB02A2}.AppStore|Any CPU.Build.0 = Release|Any CPU
		{99752EB9-4AE1-4BDA-94B8-574C90AB02A2}.AppStore|Any CPU.Deploy.0 = Release|Any CPU
		{99752EB9-4AE1-4BDA-94B8-574C90AB02A2}.AppStore|ARM.ActiveCfg = Release|ARM
		{99752EB9-4AE1-4BDA-94B8-574C90AB02A2}.AppStore|ARM.Build.0 = Release|ARM
		{99752EB9-4AE1-4BDA-94B8-574C90AB02A2}.AppStore|ARM.Deploy.0 = Release|ARM
		{99752EB9-4AE1-4BDA-94B8-574C90AB02A2}.AppStore|iPhone.ActiveCfg = Release|Any CPU
		{99752EB9-4AE1-4BDA-94B8-574C90AB02A2}.AppStore|iPhone.Build.0 = Release|Any CPU
		{99752EB9-4AE1-4BDA-94B8-574C90AB02A2}.AppStore|iPhone.Deploy.0 = Release|Any CPU
		{99752EB9-4AE1-4BDA-94B8-574C90AB02A2}.AppStore|iPhoneSimulator.ActiveCfg = Release|Any CPU
		{99752EB9-4AE1-4BDA-94B8-574C90AB02A2}.AppStore|iPhoneSimulator.Build.0 = Release|Any CPU
		{99752EB9-4AE1-4BDA-94B8-574C90AB02A2}.AppStore|iPhoneSimulator.Deploy.0 = Release|Any CPU
		{99752EB9-4AE1-4BDA-94B8-574C90AB02A2}.AppStore|x64.ActiveCfg = Release|Any CPU
		{99752EB9-4AE1-4BDA-94B8-574C90AB02A2}.AppStore|x64.Build.0 = Release|Any CPU
		{99752EB9-4AE1-4BDA-94B8-574C90AB02A2}.AppStore|x64.Deploy.0 = Release|Any CPU
		{99752EB9-4AE1-4BDA-94B8-574C90AB02A2}.AppStore|x86.ActiveCfg = Release|x86
		{99752EB9-4AE1-4BDA-94B8-574C90AB02A2}.AppStore|x86.Build.0 = Release|x86
		{99752EB9-4AE1-4BDA-94B8-574C90AB02A2}.AppStore|x86.Deploy.0 = Release|x86
		{99752EB9-4AE1-4BDA-94B8-574C90AB02A2}.Debug|Any CPU.ActiveCfg = Debug|Any CPU
		{99752EB9-4AE1-4BDA-94B8-574C90AB02A2}.Debug|Any CPU.Build.0 = Debug|Any CPU
		{99752EB9-4AE1-4BDA-94B8-574C90AB02A2}.Debug|Any CPU.Deploy.0 = Debug|Any CPU
		{99752EB9-4AE1-4BDA-94B8-574C90AB02A2}.Debug|ARM.ActiveCfg = Debug|ARM
		{99752EB9-4AE1-4BDA-94B8-574C90AB02A2}.Debug|ARM.Build.0 = Debug|ARM
		{99752EB9-4AE1-4BDA-94B8-574C90AB02A2}.Debug|ARM.Deploy.0 = Debug|ARM
		{99752EB9-4AE1-4BDA-94B8-574C90AB02A2}.Debug|iPhone.ActiveCfg = Debug|Any CPU
		{99752EB9-4AE1-4BDA-94B8-574C90AB02A2}.Debug|iPhone.Build.0 = Debug|Any CPU
		{99752EB9-4AE1-4BDA-94B8-574C90AB02A2}.Debug|iPhone.Deploy.0 = Debug|Any CPU
		{99752EB9-4AE1-4BDA-94B8-574C90AB02A2}.Debug|iPhoneSimulator.ActiveCfg = Debug|Any CPU
		{99752EB9-4AE1-4BDA-94B8-574C90AB02A2}.Debug|iPhoneSimulator.Build.0 = Debug|Any CPU
		{99752EB9-4AE1-4BDA-94B8-574C90AB02A2}.Debug|iPhoneSimulator.Deploy.0 = Debug|Any CPU
		{99752EB9-4AE1-4BDA-94B8-574C90AB02A2}.Debug|x64.ActiveCfg = Debug|Any CPU
		{99752EB9-4AE1-4BDA-94B8-574C90AB02A2}.Debug|x64.Build.0 = Debug|Any CPU
		{99752EB9-4AE1-4BDA-94B8-574C90AB02A2}.Debug|x64.Deploy.0 = Debug|Any CPU
		{99752EB9-4AE1-4BDA-94B8-574C90AB02A2}.Debug|x86.ActiveCfg = Debug|x86
		{99752EB9-4AE1-4BDA-94B8-574C90AB02A2}.Debug|x86.Build.0 = Debug|x86
		{99752EB9-4AE1-4BDA-94B8-574C90AB02A2}.Debug|x86.Deploy.0 = Debug|x86
		{99752EB9-4AE1-4BDA-94B8-574C90AB02A2}.Release|Any CPU.ActiveCfg = Release|Any CPU
		{99752EB9-4AE1-4BDA-94B8-574C90AB02A2}.Release|Any CPU.Build.0 = Release|Any CPU
		{99752EB9-4AE1-4BDA-94B8-574C90AB02A2}.Release|Any CPU.Deploy.0 = Release|Any CPU
		{99752EB9-4AE1-4BDA-94B8-574C90AB02A2}.Release|ARM.ActiveCfg = Release|ARM
		{99752EB9-4AE1-4BDA-94B8-574C90AB02A2}.Release|ARM.Build.0 = Release|ARM
		{99752EB9-4AE1-4BDA-94B8-574C90AB02A2}.Release|ARM.Deploy.0 = Release|ARM
		{99752EB9-4AE1-4BDA-94B8-574C90AB02A2}.Release|iPhone.ActiveCfg = Release|Any CPU
		{99752EB9-4AE1-4BDA-94B8-574C90AB02A2}.Release|iPhone.Build.0 = Release|Any CPU
		{99752EB9-4AE1-4BDA-94B8-574C90AB02A2}.Release|iPhone.Deploy.0 = Release|Any CPU
		{99752EB9-4AE1-4BDA-94B8-574C90AB02A2}.Release|iPhoneSimulator.ActiveCfg = Release|Any CPU
		{99752EB9-4AE1-4BDA-94B8-574C90AB02A2}.Release|iPhoneSimulator.Build.0 = Release|Any CPU
		{99752EB9-4AE1-4BDA-94B8-574C90AB02A2}.Release|iPhoneSimulator.Deploy.0 = Release|Any CPU
		{99752EB9-4AE1-4BDA-94B8-574C90AB02A2}.Release|x64.ActiveCfg = Release|Any CPU
		{99752EB9-4AE1-4BDA-94B8-574C90AB02A2}.Release|x64.Build.0 = Release|Any CPU
		{99752EB9-4AE1-4BDA-94B8-574C90AB02A2}.Release|x64.Deploy.0 = Release|Any CPU
		{99752EB9-4AE1-4BDA-94B8-574C90AB02A2}.Release|x86.ActiveCfg = Release|x86
		{99752EB9-4AE1-4BDA-94B8-574C90AB02A2}.Release|x86.Build.0 = Release|x86
		{99752EB9-4AE1-4BDA-94B8-574C90AB02A2}.Release|x86.Deploy.0 = Release|x86
		{5C8E1F59-3C7F-4A43-8691-FC367E8A0AF0}.Ad-Hoc|Any CPU.ActiveCfg = Release|Any CPU
		{5C8E1F59-3C7F-4A43-8691-FC367E8A0AF0}.Ad-Hoc|Any CPU.Build.0 = Release|Any CPU
		{5C8E1F59-3C7F-4A43-8691-FC367E8A0AF0}.Ad-Hoc|Any CPU.Deploy.0 = Release|Any CPU
		{5C8E1F59-3C7F-4A43-8691-FC367E8A0AF0}.Ad-Hoc|ARM.ActiveCfg = Release|ARM
		{5C8E1F59-3C7F-4A43-8691-FC367E8A0AF0}.Ad-Hoc|ARM.Build.0 = Release|ARM
		{5C8E1F59-3C7F-4A43-8691-FC367E8A0AF0}.Ad-Hoc|ARM.Deploy.0 = Release|ARM
		{5C8E1F59-3C7F-4A43-8691-FC367E8A0AF0}.Ad-Hoc|iPhone.ActiveCfg = Release|Any CPU
		{5C8E1F59-3C7F-4A43-8691-FC367E8A0AF0}.Ad-Hoc|iPhone.Build.0 = Release|Any CPU
		{5C8E1F59-3C7F-4A43-8691-FC367E8A0AF0}.Ad-Hoc|iPhone.Deploy.0 = Release|Any CPU
		{5C8E1F59-3C7F-4A43-8691-FC367E8A0AF0}.Ad-Hoc|iPhoneSimulator.ActiveCfg = Release|Any CPU
		{5C8E1F59-3C7F-4A43-8691-FC367E8A0AF0}.Ad-Hoc|iPhoneSimulator.Build.0 = Release|Any CPU
		{5C8E1F59-3C7F-4A43-8691-FC367E8A0AF0}.Ad-Hoc|iPhoneSimulator.Deploy.0 = Release|Any CPU
		{5C8E1F59-3C7F-4A43-8691-FC367E8A0AF0}.Ad-Hoc|x64.ActiveCfg = Release|x64
		{5C8E1F59-3C7F-4A43-8691-FC367E8A0AF0}.Ad-Hoc|x64.Build.0 = Release|x64
		{5C8E1F59-3C7F-4A43-8691-FC367E8A0AF0}.Ad-Hoc|x64.Deploy.0 = Release|x64
		{5C8E1F59-3C7F-4A43-8691-FC367E8A0AF0}.Ad-Hoc|x86.ActiveCfg = Release|x86
		{5C8E1F59-3C7F-4A43-8691-FC367E8A0AF0}.Ad-Hoc|x86.Build.0 = Release|x86
		{5C8E1F59-3C7F-4A43-8691-FC367E8A0AF0}.Ad-Hoc|x86.Deploy.0 = Release|x86
		{5C8E1F59-3C7F-4A43-8691-FC367E8A0AF0}.AppStore|Any CPU.ActiveCfg = Release|Any CPU
		{5C8E1F59-3C7F-4A43-8691-FC367E8A0AF0}.AppStore|Any CPU.Build.0 = Release|Any CPU
		{5C8E1F59-3C7F-4A43-8691-FC367E8A0AF0}.AppStore|Any CPU.Deploy.0 = Release|Any CPU
		{5C8E1F59-3C7F-4A43-8691-FC367E8A0AF0}.AppStore|ARM.ActiveCfg = Release|ARM
		{5C8E1F59-3C7F-4A43-8691-FC367E8A0AF0}.AppStore|ARM.Build.0 = Release|ARM
		{5C8E1F59-3C7F-4A43-8691-FC367E8A0AF0}.AppStore|ARM.Deploy.0 = Release|ARM
		{5C8E1F59-3C7F-4A43-8691-FC367E8A0AF0}.AppStore|iPhone.ActiveCfg = Release|Any CPU
		{5C8E1F59-3C7F-4A43-8691-FC367E8A0AF0}.AppStore|iPhone.Build.0 = Release|Any CPU
		{5C8E1F59-3C7F-4A43-8691-FC367E8A0AF0}.AppStore|iPhone.Deploy.0 = Release|Any CPU
		{5C8E1F59-3C7F-4A43-8691-FC367E8A0AF0}.AppStore|iPhoneSimulator.ActiveCfg = Release|Any CPU
		{5C8E1F59-3C7F-4A43-8691-FC367E8A0AF0}.AppStore|iPhoneSimulator.Build.0 = Release|Any CPU
		{5C8E1F59-3C7F-4A43-8691-FC367E8A0AF0}.AppStore|iPhoneSimulator.Deploy.0 = Release|Any CPU
		{5C8E1F59-3C7F-4A43-8691-FC367E8A0AF0}.AppStore|x64.ActiveCfg = Release|x64
		{5C8E1F59-3C7F-4A43-8691-FC367E8A0AF0}.AppStore|x64.Build.0 = Release|x64
		{5C8E1F59-3C7F-4A43-8691-FC367E8A0AF0}.AppStore|x64.Deploy.0 = Release|x64
		{5C8E1F59-3C7F-4A43-8691-FC367E8A0AF0}.AppStore|x86.ActiveCfg = Release|x86
		{5C8E1F59-3C7F-4A43-8691-FC367E8A0AF0}.AppStore|x86.Build.0 = Release|x86
		{5C8E1F59-3C7F-4A43-8691-FC367E8A0AF0}.AppStore|x86.Deploy.0 = Release|x86
		{5C8E1F59-3C7F-4A43-8691-FC367E8A0AF0}.Debug|Any CPU.ActiveCfg = Debug|Any CPU
		{5C8E1F59-3C7F-4A43-8691-FC367E8A0AF0}.Debug|Any CPU.Build.0 = Debug|Any CPU
		{5C8E1F59-3C7F-4A43-8691-FC367E8A0AF0}.Debug|Any CPU.Deploy.0 = Debug|Any CPU
		{5C8E1F59-3C7F-4A43-8691-FC367E8A0AF0}.Debug|ARM.ActiveCfg = Debug|ARM
		{5C8E1F59-3C7F-4A43-8691-FC367E8A0AF0}.Debug|ARM.Build.0 = Debug|ARM
		{5C8E1F59-3C7F-4A43-8691-FC367E8A0AF0}.Debug|ARM.Deploy.0 = Debug|ARM
		{5C8E1F59-3C7F-4A43-8691-FC367E8A0AF0}.Debug|iPhone.ActiveCfg = Debug|Any CPU
		{5C8E1F59-3C7F-4A43-8691-FC367E8A0AF0}.Debug|iPhone.Build.0 = Debug|Any CPU
		{5C8E1F59-3C7F-4A43-8691-FC367E8A0AF0}.Debug|iPhone.Deploy.0 = Debug|Any CPU
		{5C8E1F59-3C7F-4A43-8691-FC367E8A0AF0}.Debug|iPhoneSimulator.ActiveCfg = Debug|Any CPU
		{5C8E1F59-3C7F-4A43-8691-FC367E8A0AF0}.Debug|iPhoneSimulator.Build.0 = Debug|Any CPU
		{5C8E1F59-3C7F-4A43-8691-FC367E8A0AF0}.Debug|iPhoneSimulator.Deploy.0 = Debug|Any CPU
		{5C8E1F59-3C7F-4A43-8691-FC367E8A0AF0}.Debug|x64.ActiveCfg = Debug|x64
		{5C8E1F59-3C7F-4A43-8691-FC367E8A0AF0}.Debug|x64.Build.0 = Debug|x64
		{5C8E1F59-3C7F-4A43-8691-FC367E8A0AF0}.Debug|x64.Deploy.0 = Debug|x64
		{5C8E1F59-3C7F-4A43-8691-FC367E8A0AF0}.Debug|x86.ActiveCfg = Debug|x86
		{5C8E1F59-3C7F-4A43-8691-FC367E8A0AF0}.Debug|x86.Build.0 = Debug|x86
		{5C8E1F59-3C7F-4A43-8691-FC367E8A0AF0}.Debug|x86.Deploy.0 = Debug|x86
		{5C8E1F59-3C7F-4A43-8691-FC367E8A0AF0}.Release|Any CPU.ActiveCfg = Release|Any CPU
		{5C8E1F59-3C7F-4A43-8691-FC367E8A0AF0}.Release|Any CPU.Build.0 = Release|Any CPU
		{5C8E1F59-3C7F-4A43-8691-FC367E8A0AF0}.Release|Any CPU.Deploy.0 = Release|Any CPU
		{5C8E1F59-3C7F-4A43-8691-FC367E8A0AF0}.Release|ARM.ActiveCfg = Release|ARM
		{5C8E1F59-3C7F-4A43-8691-FC367E8A0AF0}.Release|ARM.Build.0 = Release|ARM
		{5C8E1F59-3C7F-4A43-8691-FC367E8A0AF0}.Release|ARM.Deploy.0 = Release|ARM
		{5C8E1F59-3C7F-4A43-8691-FC367E8A0AF0}.Release|iPhone.ActiveCfg = Release|Any CPU
		{5C8E1F59-3C7F-4A43-8691-FC367E8A0AF0}.Release|iPhone.Build.0 = Release|Any CPU
		{5C8E1F59-3C7F-4A43-8691-FC367E8A0AF0}.Release|iPhone.Deploy.0 = Release|Any CPU
		{5C8E1F59-3C7F-4A43-8691-FC367E8A0AF0}.Release|iPhoneSimulator.ActiveCfg = Release|Any CPU
		{5C8E1F59-3C7F-4A43-8691-FC367E8A0AF0}.Release|iPhoneSimulator.Build.0 = Release|Any CPU
		{5C8E1F59-3C7F-4A43-8691-FC367E8A0AF0}.Release|iPhoneSimulator.Deploy.0 = Release|Any CPU
		{5C8E1F59-3C7F-4A43-8691-FC367E8A0AF0}.Release|x64.ActiveCfg = Release|x64
		{5C8E1F59-3C7F-4A43-8691-FC367E8A0AF0}.Release|x64.Build.0 = Release|x64
		{5C8E1F59-3C7F-4A43-8691-FC367E8A0AF0}.Release|x64.Deploy.0 = Release|x64
		{5C8E1F59-3C7F-4A43-8691-FC367E8A0AF0}.Release|x86.ActiveCfg = Release|x86
		{5C8E1F59-3C7F-4A43-8691-FC367E8A0AF0}.Release|x86.Build.0 = Release|x86
		{5C8E1F59-3C7F-4A43-8691-FC367E8A0AF0}.Release|x86.Deploy.0 = Release|x86
	EndGlobalSection
	GlobalSection(SolutionProperties) = preSolution
		HideSolutionNode = FALSE
	EndGlobalSection
EndGlobal
